
Microsoft Visual Studio Solution File, Format Version 12.00
# Visual Studio Version 17
VisualStudioVersion = 17.9.34616.47
MinimumVisualStudioVersion = 10.0.40219.1
Project("{9A19103F-16F7-4668-BE54-9A1E7A4F7556}") = "BlazorHostingWithServer.Client", "BlazorHostingWithServer.Client\BlazorHostingWithServer.Client.csproj", "{893F5C35-FC6A-4873-960E-0A6E812E8E5B}"
EndProject
Project("{9A19103F-16F7-4668-BE54-9A1E7A4F7556}") = "BlazorHostingWithServer.Server", "BlazorHostingWithServer.Server\BlazorHostingWithServer.Server.csproj", "{109C6662-EB60-4896-AABB-836DB575A65E}"
EndProject
Project("{9A19103F-16F7-4668-BE54-9A1E7A4F7556}") = "BlazorHostingWithServer.Shared", "BlazorHostingWithServer.Shared\BlazorHostingWithServer.Shared.csproj", "{3B144251-D290-4453-8DBB-A8AE01499E01}"
EndProject
Global
	GlobalSection(SolutionConfigurationPlatforms) = preSolution
		Debug|Any CPU = Debug|Any CPU
		Release|Any CPU = Release|Any CPU
	EndGlobalSection
	GlobalSection(ProjectConfigurationPlatforms) = postSolution
		{893F5C35-FC6A-4873-960E-0A6E812E8E5B}.Debug|Any CPU.ActiveCfg = Debug|Any CPU
		{893F5C35-FC6A-4873-960E-0A6E812E8E5B}.Debug|Any CPU.Build.0 = Debug|Any CPU
		{893F5C35-FC6A-4873-960E-0A6E812E8E5B}.Release|Any CPU.ActiveCfg = Release|Any CPU
		{893F5C35-FC6A-4873-960E-0A6E812E8E5B}.Release|Any CPU.Build.0 = Release|Any CPU
		{109C6662-EB60-4896-AABB-836DB575A65E}.Debug|Any CPU.ActiveCfg = Debug|Any CPU
		{109C6662-EB60-4896-AABB-836DB575A65E}.Debug|Any CPU.Build.0 = Debug|Any CPU
		{109C6662-EB60-4896-AABB-836DB575A65E}.Release|Any CPU.ActiveCfg = Release|Any CPU
		{109C6662-EB60-4896-AABB-836DB575A65E}.Release|Any CPU.Build.0 = Release|Any CPU
		{3B144251-D290-4453-8DBB-A8AE01499E01}.Debug|Any CPU.ActiveCfg = Debug|Any CPU
		{3B144251-D290-4453-8DBB-A8AE01499E01}.Debug|Any CPU.Build.0 = Debug|Any CPU
		{3B144251-D290-4453-8DBB-A8AE01499E01}.Release|Any CPU.ActiveCfg = Release|Any CPU
		{3B144251-D290-4453-8DBB-A8AE01499E01}.Release|Any CPU.Build.0 = Release|Any CPU
	EndGlobalSection
	GlobalSection(SolutionProperties) = preSolution
		HideSolutionNode = FALSE
	EndGlobalSection
	GlobalSection(ExtensibilityGlobals) = postSolution
		SolutionGuid = {42431D60-C004-446B-8471-442DC2C9E0B7}
	EndGlobalSection
EndGlobal
